// !$*UTF8*$!
{
	archiveVersion = 1;
	classes = {
	};
	objectVersion = 55;
	objects = {

/* Begin PBXBuildFile section */
		9B4BC85E28D8E98700262BAF /* UIImageView.swift in Sources */ = {isa = PBXBuildFile; fileRef = 9B4BC85D28D8E98700262BAF /* UIImageView.swift */; };
		9B4BC86028D8F07A00262BAF /* CacheManager.swift in Sources */ = {isa = PBXBuildFile; fileRef = 9B4BC85F28D8F07A00262BAF /* CacheManager.swift */; };
		9B718C1C28CC8D6F00825DA9 /* Endpoints.swift in Sources */ = {isa = PBXBuildFile; fileRef = 9B718C1B28CC8D6F00825DA9 /* Endpoints.swift */; };
		9B718C2128CCECF300825DA9 /* ViewControllerExtensions.swift in Sources */ = {isa = PBXBuildFile; fileRef = 9B718C2028CCECF300825DA9 /* ViewControllerExtensions.swift */; };
		9B718C2328CE621D00825DA9 /* Network.swift in Sources */ = {isa = PBXBuildFile; fileRef = 9B718C2228CE621D00825DA9 /* Network.swift */; };
		9B718C2728CFA8EE00825DA9 /* Character.swift in Sources */ = {isa = PBXBuildFile; fileRef = 9B718C2628CFA8EE00825DA9 /* Character.swift */; };
		9B718C2A28D2499900825DA9 /* SearchResponse.swift in Sources */ = {isa = PBXBuildFile; fileRef = 9B718C2928D2499900825DA9 /* SearchResponse.swift */; };
		9BDF633228D613DD00D84017 /* CharacterTableCell.swift in Sources */ = {isa = PBXBuildFile; fileRef = 9BDF633128D613DD00D84017 /* CharacterTableCell.swift */; };
		9BDF633528D61DF500D84017 /* NetworkDataFetcher.swift in Sources */ = {isa = PBXBuildFile; fileRef = 9BDF633428D61DF500D84017 /* NetworkDataFetcher.swift */; };
		9BF71CDE28CA4E2400072575 /* AppDelegate.swift in Sources */ = {isa = PBXBuildFile; fileRef = 9BF71CDD28CA4E2400072575 /* AppDelegate.swift */; };
		9BF71CE228CA4E2400072575 /* ViewController.swift in Sources */ = {isa = PBXBuildFile; fileRef = 9BF71CE128CA4E2400072575 /* ViewController.swift */; };
		9BF71CE728CA4E2500072575 /* Assets.xcassets in Resources */ = {isa = PBXBuildFile; fileRef = 9BF71CE628CA4E2500072575 /* Assets.xcassets */; };
		9BF71CEA28CA4E2500072575 /* LaunchScreen.storyboard in Resources */ = {isa = PBXBuildFile; fileRef = 9BF71CE828CA4E2500072575 /* LaunchScreen.storyboard */; };
/* End PBXBuildFile section */

/* Begin PBXFileReference section */
		9B4BC85D28D8E98700262BAF /* UIImageView.swift */ = {isa = PBXFileReference; lastKnownFileType = sourcecode.swift; path = UIImageView.swift; sourceTree = "<group>"; };
		9B4BC85F28D8F07A00262BAF /* CacheManager.swift */ = {isa = PBXFileReference; lastKnownFileType = sourcecode.swift; path = CacheManager.swift; sourceTree = "<group>"; };
		9B718C1B28CC8D6F00825DA9 /* Endpoints.swift */ = {isa = PBXFileReference; lastKnownFileType = sourcecode.swift; path = Endpoints.swift; sourceTree = "<group>"; };
		9B718C2028CCECF300825DA9 /* ViewControllerExtensions.swift */ = {isa = PBXFileReference; lastKnownFileType = sourcecode.swift; path = ViewControllerExtensions.swift; sourceTree = "<group>"; };
		9B718C2228CE621D00825DA9 /* Network.swift */ = {isa = PBXFileReference; lastKnownFileType = sourcecode.swift; path = Network.swift; sourceTree = "<group>"; };
		9B718C2628CFA8EE00825DA9 /* Character.swift */ = {isa = PBXFileReference; lastKnownFileType = sourcecode.swift; path = Character.swift; sourceTree = "<group>"; };
		9B718C2928D2499900825DA9 /* SearchResponse.swift */ = {isa = PBXFileReference; lastKnownFileType = sourcecode.swift; path = SearchResponse.swift; sourceTree = "<group>"; };
		9BDF633128D613DD00D84017 /* CharacterTableCell.swift */ = {isa = PBXFileReference; lastKnownFileType = sourcecode.swift; path = CharacterTableCell.swift; sourceTree = "<group>"; };
		9BDF633428D61DF500D84017 /* NetworkDataFetcher.swift */ = {isa = PBXFileReference; lastKnownFileType = sourcecode.swift; path = NetworkDataFetcher.swift; sourceTree = "<group>"; };
		9BF71CDA28CA4E2400072575 /* rick-and-morty-app.app */ = {isa = PBXFileReference; explicitFileType = wrapper.application; includeInIndex = 0; path = "rick-and-morty-app.app"; sourceTree = BUILT_PRODUCTS_DIR; };
		9BF71CDD28CA4E2400072575 /* AppDelegate.swift */ = {isa = PBXFileReference; lastKnownFileType = sourcecode.swift; path = AppDelegate.swift; sourceTree = "<group>"; };
		9BF71CE128CA4E2400072575 /* ViewController.swift */ = {isa = PBXFileReference; lastKnownFileType = sourcecode.swift; path = ViewController.swift; sourceTree = "<group>"; };
		9BF71CE628CA4E2500072575 /* Assets.xcassets */ = {isa = PBXFileReference; lastKnownFileType = folder.assetcatalog; path = Assets.xcassets; sourceTree = "<group>"; };
		9BF71CE928CA4E2500072575 /* Base */ = {isa = PBXFileReference; lastKnownFileType = file.storyboard; name = Base; path = Base.lproj/LaunchScreen.storyboard; sourceTree = "<group>"; };
		9BF71CEB28CA4E2500072575 /* Info.plist */ = {isa = PBXFileReference; lastKnownFileType = text.plist.xml; path = Info.plist; sourceTree = "<group>"; };
/* End PBXFileReference section */

/* Begin PBXFrameworksBuildPhase section */
		9BF71CD728CA4E2400072575 /* Frameworks */ = {
			isa = PBXFrameworksBuildPhase;
			buildActionMask = 2147483647;
			files = (
			);
			runOnlyForDeploymentPostprocessing = 0;
		};
/* End PBXFrameworksBuildPhase section */

/* Begin PBXGroup section */
		9B718C1A28CC8D2A00825DA9 /* Helpers */ = {
			isa = PBXGroup;
			children = (
				9B718C1B28CC8D6F00825DA9 /* Endpoints.swift */,
				9BDF633428D61DF500D84017 /* NetworkDataFetcher.swift */,
				9B4BC85F28D8F07A00262BAF /* CacheManager.swift */,
			);
			path = Helpers;
			sourceTree = "<group>";
		};
		9B718C1D28CC8F3A00825DA9 /* Models */ = {
			isa = PBXGroup;
			children = (
				9B718C2628CFA8EE00825DA9 /* Character.swift */,
				9B718C2928D2499900825DA9 /* SearchResponse.swift */,
			);
			path = Models;
			sourceTree = "<group>";
		};
		9B718C1E28CC8F4500825DA9 /* Controllers */ = {
			isa = PBXGroup;
			children = (
				9BF71CE128CA4E2400072575 /* ViewController.swift */,
			);
			path = Controllers;
			sourceTree = "<group>";
		};
		9B718C1F28CCECCA00825DA9 /* Extensions */ = {
			isa = PBXGroup;
			children = (
				9B718C2028CCECF300825DA9 /* ViewControllerExtensions.swift */,
				9B4BC85D28D8E98700262BAF /* UIImageView.swift */,
			);
			path = Extensions;
			sourceTree = "<group>";
		};
		9B718C2828D1091B00825DA9 /* Networking */ = {
			isa = PBXGroup;
			children = (
				9B718C2228CE621D00825DA9 /* Network.swift */,
			);
			path = Networking;
			sourceTree = "<group>";
		};
		9BDF633328D613E100D84017 /* Views */ = {
			isa = PBXGroup;
			children = (
				9BDF633128D613DD00D84017 /* CharacterTableCell.swift */,
			);
			path = Views;
			sourceTree = "<group>";
		};
		9BF71CD128CA4E2400072575 = {
			isa = PBXGroup;
			children = (
				9BF71CDC28CA4E2400072575 /* rick-and-morty-app */,
				9BF71CDB28CA4E2400072575 /* Products */,
			);
			sourceTree = "<group>";
		};
		9BF71CDB28CA4E2400072575 /* Products */ = {
			isa = PBXGroup;
			children = (
				9BF71CDA28CA4E2400072575 /* rick-and-morty-app.app */,
			);
			name = Products;
			sourceTree = "<group>";
		};
		9BF71CDC28CA4E2400072575 /* rick-and-morty-app */ = {
			isa = PBXGroup;
			children = (
				9BDF633328D613E100D84017 /* Views */,
				9BF71CDD28CA4E2400072575 /* AppDelegate.swift */,
				9B718C2828D1091B00825DA9 /* Networking */,
				9B718C1F28CCECCA00825DA9 /* Extensions */,
				9B718C1E28CC8F4500825DA9 /* Controllers */,
				9B718C1D28CC8F3A00825DA9 /* Models */,
				9B718C1A28CC8D2A00825DA9 /* Helpers */,
				9BF71CE628CA4E2500072575 /* Assets.xcassets */,
				9BF71CE828CA4E2500072575 /* LaunchScreen.storyboard */,
				9BF71CEB28CA4E2500072575 /* Info.plist */,
			);
			path = "rick-and-morty-app";
			sourceTree = "<group>";
		};
/* End PBXGroup section */

/* Begin PBXNativeTarget section */
		9BF71CD928CA4E2400072575 /* rick-and-morty-app */ = {
			isa = PBXNativeTarget;
			buildConfigurationList = 9BF71CEE28CA4E2500072575 /* Build configuration list for PBXNativeTarget "rick-and-morty-app" */;
			buildPhases = (
				9BF71CD628CA4E2400072575 /* Sources */,
				9BF71CD728CA4E2400072575 /* Frameworks */,
				9BF71CD828CA4E2400072575 /* Resources */,
			);
			buildRules = (
			);
			dependencies = (
			);
			name = "rick-and-morty-app";
			productName = "rick-and-morty-app";
			productReference = 9BF71CDA28CA4E2400072575 /* rick-and-morty-app.app */;
			productType = "com.apple.product-type.application";
		};
/* End PBXNativeTarget section */

/* Begin PBXProject section */
		9BF71CD228CA4E2400072575 /* Project object */ = {
			isa = PBXProject;
			attributes = {
				BuildIndependentTargetsInParallel = 1;
				LastSwiftUpdateCheck = 1340;
				LastUpgradeCheck = 1340;
				TargetAttributes = {
					9BF71CD928CA4E2400072575 = {
						CreatedOnToolsVersion = 13.4.1;
					};
				};
			};
			buildConfigurationList = 9BF71CD528CA4E2400072575 /* Build configuration list for PBXProject "rick-and-morty-app" */;
			compatibilityVersion = "Xcode 13.0";
			developmentRegion = en;
			hasScannedForEncodings = 0;
			knownRegions = (
				en,
				Base,
			);
			mainGroup = 9BF71CD128CA4E2400072575;
			productRefGroup = 9BF71CDB28CA4E2400072575 /* Products */;
			projectDirPath = "";
			projectRoot = "";
			targets = (
				9BF71CD928CA4E2400072575 /* rick-and-morty-app */,
			);
		};
/* End PBXProject section */

/* Begin PBXResourcesBuildPhase section */
		9BF71CD828CA4E2400072575 /* Resources */ = {
			isa = PBXResourcesBuildPhase;
			buildActionMask = 2147483647;
			files = (
				9BF71CEA28CA4E2500072575 /* LaunchScreen.storyboard in Resources */,
				9BF71CE728CA4E2500072575 /* Assets.xcassets in Resources */,
			);
			runOnlyForDeploymentPostprocessing = 0;
		};
/* End PBXResourcesBuildPhase section */

/* Begin PBXSourcesBuildPhase section */
		9BF71CD628CA4E2400072575 /* Sources */ = {
			isa = PBXSourcesBuildPhase;
			buildActionMask = 2147483647;
			files = (
				9B718C2328CE621D00825DA9 /* Network.swift in Sources */,
				9B718C2128CCECF300825DA9 /* ViewControllerExtensions.swift in Sources */,
				9B718C2728CFA8EE00825DA9 /* Character.swift in Sources */,
				9BF71CE228CA4E2400072575 /* ViewController.swift in Sources */,
				9B718C1C28CC8D6F00825DA9 /* Endpoints.swift in Sources */,
				9B4BC85E28D8E98700262BAF /* UIImageView.swift in Sources */,
				9B4BC86028D8F07A00262BAF /* CacheManager.swift in Sources */,
				9B718C2A28D2499900825DA9 /* SearchResponse.swift in Sources */,
				9BDF633528D61DF500D84017 /* NetworkDataFetcher.swift in Sources */,
				9BF71CDE28CA4E2400072575 /* AppDelegate.swift in Sources */,
				9BDF633228D613DD00D84017 /* CharacterTableCell.swift in Sources */,
			);
			runOnlyForDeploymentPostprocessing = 0;
		};
/* End PBXSourcesBuildPhase section */

/* Begin PBXVariantGroup section */
		9BF71CE828CA4E2500072575 /* LaunchScreen.storyboard */ = {
			isa = PBXVariantGroup;
			children = (
				9BF71CE928CA4E2500072575 /* Base */,
			);
			name = LaunchScreen.storyboard;
			sourceTree = "<group>";
		};
/* End PBXVariantGroup section */

/* Begin XCBuildConfiguration section */
		9BF71CEC28CA4E2500072575 /* Debug */ = {
			isa = XCBuildConfiguration;
			buildSettings = {
				ALWAYS_SEARCH_USER_PATHS = NO;
				CLANG_ANALYZER_NONNULL = YES;
				CLANG_ANALYZER_NUMBER_OBJECT_CONVERSION = YES_AGGRESSIVE;
				CLANG_CXX_LANGUAGE_STANDARD = "gnu++17";
				CLANG_ENABLE_MODULES = YES;
				CLANG_ENABLE_OBJC_ARC = YES;
				CLANG_ENABLE_OBJC_WEAK = YES;
				CLANG_WARN_BLOCK_CAPTURE_AUTORELEASING = YES;
				CLANG_WARN_BOOL_CONVERSION = YES;
				CLANG_WARN_COMMA = YES;
				CLANG_WARN_CONSTANT_CONVERSION = YES;
				CLANG_WARN_DEPRECATED_OBJC_IMPLEMENTATIONS = YES;
				CLANG_WARN_DIRECT_OBJC_ISA_USAGE = YES_ERROR;
				CLANG_WARN_DOCUMENTATION_COMMENTS = YES;
				CLANG_WARN_EMPTY_BODY = YES;
				CLANG_WARN_ENUM_CONVERSION = YES;
				CLANG_WARN_INFINITE_RECURSION = YES;
				CLANG_WARN_INT_CONVERSION = YES;
				CLANG_WARN_NON_LITERAL_NULL_CONVERSION = YES;
				CLANG_WARN_OBJC_IMPLICIT_RETAIN_SELF = YES;
				CLANG_WARN_OBJC_LITERAL_CONVERSION = YES;
				CLANG_WARN_OBJC_ROOT_CLASS = YES_ERROR;
				CLANG_WARN_QUOTED_INCLUDE_IN_FRAMEWORK_HEADER = YES;
				CLANG_WARN_RANGE_LOOP_ANALYSIS = YES;
				CLANG_WARN_STRICT_PROTOTYPES = YES;
				CLANG_WARN_SUSPICIOUS_MOVE = YES;
				CLANG_WARN_UNGUARDED_AVAILABILITY = YES_AGGRESSIVE;
				CLANG_WARN_UNREACHABLE_CODE = YES;
				CLANG_WARN__DUPLICATE_METHOD_MATCH = YES;
				COPY_PHASE_STRIP = NO;
				DEBUG_INFORMATION_FORMAT = dwarf;
				ENABLE_STRICT_OBJC_MSGSEND = YES;
				ENABLE_TESTABILITY = YES;
				GCC_C_LANGUAGE_STANDARD = gnu11;
				GCC_DYNAMIC_NO_PIC = NO;
				GCC_NO_COMMON_BLOCKS = YES;
				GCC_OPTIMIZATION_LEVEL = 0;
				GCC_PREPROCESSOR_DEFINITIONS = (
					"DEBUG=1",
					"$(inherited)",
				);
				GCC_WARN_64_TO_32_BIT_CONVERSION = YES;
				GCC_WARN_ABOUT_RETURN_TYPE = YES_ERROR;
				GCC_WARN_UNDECLARED_SELECTOR = YES;
				GCC_WARN_UNINITIALIZED_AUTOS = YES_AGGRESSIVE;
				GCC_WARN_UNUSED_FUNCTION = YES;
				GCC_WARN_UNUSED_VARIABLE = YES;
				IPHONEOS_DEPLOYMENT_TARGET = 15.5;
				MTL_ENABLE_DEBUG_INFO = INCLUDE_SOURCE;
				MTL_FAST_MATH = YES;
				ONLY_ACTIVE_ARCH = YES;
				SDKROOT = iphoneos;
				SWIFT_ACTIVE_COMPILATION_CONDITIONS = DEBUG;
				SWIFT_OPTIMIZATION_LEVEL = "-Onone";
			};
			name = Debug;
		};
		9BF71CED28CA4E2500072575 /* Release */ = {
			isa = XCBuildConfiguration;
			buildSettings = {
				ALWAYS_SEARCH_USER_PATHS = NO;
				CLANG_ANALYZER_NONNULL = YES;
				CLANG_ANALYZER_NUMBER_OBJECT_CONVERSION = YES_AGGRESSIVE;
				CLANG_CXX_LANGUAGE_STANDARD = "gnu++17";
				CLANG_ENABLE_MODULES = YES;
				CLANG_ENABLE_OBJC_ARC = YES;
				CLANG_ENABLE_OBJC_WEAK = YES;
				CLANG_WARN_BLOCK_CAPTURE_AUTORELEASING = YES;
				CLANG_WARN_BOOL_CONVERSION = YES;
				CLANG_WARN_COMMA = YES;
				CLANG_WARN_CONSTANT_CONVERSION = YES;
				CLANG_WARN_DEPRECATED_OBJC_IMPLEMENTATIONS = YES;
				CLANG_WARN_DIRECT_OBJC_ISA_USAGE = YES_ERROR;
				CLANG_WARN_DOCUMENTATION_COMMENTS = YES;
				CLANG_WARN_EMPTY_BODY = YES;
				CLANG_WARN_ENUM_CONVERSION = YES;
				CLANG_WARN_INFINITE_RECURSION = YES;
				CLANG_WARN_INT_CONVERSION = YES;
				CLANG_WARN_NON_LITERAL_NULL_CONVERSION = YES;
				CLANG_WARN_OBJC_IMPLICIT_RETAIN_SELF = YES;
				CLANG_WARN_OBJC_LITERAL_CONVERSION = YES;
				CLANG_WARN_OBJC_ROOT_CLASS = YES_ERROR;
				CLANG_WARN_QUOTED_INCLUDE_IN_FRAMEWORK_HEADER = YES;
				CLANG_WARN_RANGE_LOOP_ANALYSIS = YES;
				CLANG_WARN_STRICT_PROTOTYPES = YES;
				CLANG_WARN_SUSPICIOUS_MOVE = YES;
				CLANG_WARN_UNGUARDED_AVAILABILITY = YES_AGGRESSIVE;
				CLANG_WARN_UNREACHABLE_CODE = YES;
				CLANG_WARN__DUPLICATE_METHOD_MATCH = YES;
				COPY_PHASE_STRIP = NO;
				DEBUG_INFORMATION_FORMAT = "dwarf-with-dsym";
				ENABLE_NS_ASSERTIONS = NO;
				ENABLE_STRICT_OBJC_MSGSEND = YES;
				GCC_C_LANGUAGE_STANDARD = gnu11;
				GCC_NO_COMMON_BLOCKS = YES;
				GCC_WARN_64_TO_32_BIT_CONVERSION = YES;
				GCC_WARN_ABOUT_RETURN_TYPE = YES_ERROR;
				GCC_WARN_UNDECLARED_SELECTOR = YES;
				GCC_WARN_UNINITIALIZED_AUTOS = YES_AGGRESSIVE;
				GCC_WARN_UNUSED_FUNCTION = YES;
				GCC_WARN_UNUSED_VARIABLE = YES;
				IPHONEOS_DEPLOYMENT_TARGET = 15.5;
				MTL_ENABLE_DEBUG_INFO = NO;
				MTL_FAST_MATH = YES;
				SDKROOT = iphoneos;
				SWIFT_COMPILATION_MODE = wholemodule;
				SWIFT_OPTIMIZATION_LEVEL = "-O";
				VALIDATE_PRODUCT = YES;
			};
			name = Release;
		};
		9BF71CEF28CA4E2500072575 /* Debug */ = {
			isa = XCBuildConfiguration;
			buildSettings = {
				ASSETCATALOG_COMPILER_APPICON_NAME = AppIcon;
				ASSETCATALOG_COMPILER_GLOBAL_ACCENT_COLOR_NAME = AccentColor;
				CODE_SIGN_STYLE = Automatic;
				CURRENT_PROJECT_VERSION = 1;
				GENERATE_INFOPLIST_FILE = YES;
				INFOPLIST_FILE = "rick-and-morty-app/Info.plist";
				INFOPLIST_KEY_UIApplicationSupportsIndirectInputEvents = YES;
				INFOPLIST_KEY_UILaunchStoryboardName = LaunchScreen;
				INFOPLIST_KEY_UISupportedInterfaceOrientations_iPad = "UIInterfaceOrientationPortrait UIInterfaceOrientationPortraitUpsideDown UIInterfaceOrientationLandscapeLeft UIInterfaceOrientationLandscapeRight";
				INFOPLIST_KEY_UISupportedInterfaceOrientations_iPhone = "UIInterfaceOrientationPortrait UIInterfaceOrientationLandscapeLeft UIInterfaceOrientationLandscapeRight";
				LD_RUNPATH_SEARCH_PATHS = (
					"$(inherited)",
					"@executable_path/Frameworks",
				);
				MARKETING_VERSION = 1.0;
				PRODUCT_BUNDLE_IDENTIFIER = "Anton-Kuzmin.rick-and-morty-app";
				PRODUCT_NAME = "$(TARGET_NAME)";
				SWIFT_EMIT_LOC_STRINGS = YES;
				SWIFT_VERSION = 5.0;
				TARGETED_DEVICE_FAMILY = "1,2";
			};
			name = Debug;
		};
		9BF71CF028CA4E2500072575 /* Release */ = {
			isa = XCBuildConfiguration;
			buildSettings = {
				ASSETCATALOG_COMPILER_APPICON_NAME = AppIcon;
				ASSETCATALOG_COMPILER_GLOBAL_ACCENT_COLOR_NAME = AccentColor;
				CODE_SIGN_STYLE = Automatic;
				CURRENT_PROJECT_VERSION = 1;
				GENERATE_INFOPLIST_FILE = YES;
				INFOPLIST_FILE = "rick-and-morty-app/Info.plist";
				INFOPLIST_KEY_UIApplicationSupportsIndirectInputEvents = YES;
				INFOPLIST_KEY_UILaunchStoryboardName = LaunchScreen;
				INFOPLIST_KEY_UISupportedInterfaceOrientations_iPad = "UIInterfaceOrientationPortrait UIInterfaceOrientationPortraitUpsideDown UIInterfaceOrientationLandscapeLeft UIInterfaceOrientationLandscapeRight";
				INFOPLIST_KEY_UISupportedInterfaceOrientations_iPhone = "UIInterfaceOrientationPortrait UIInterfaceOrientationLandscapeLeft UIInterfaceOrientationLandscapeRight";
				LD_RUNPATH_SEARCH_PATHS = (
					"$(inherited)",
					"@executable_path/Frameworks",
				);
				MARKETING_VERSION = 1.0;
				PRODUCT_BUNDLE_IDENTIFIER = "Anton-Kuzmin.rick-and-morty-app";
				PRODUCT_NAME = "$(TARGET_NAME)";
				SWIFT_EMIT_LOC_STRINGS = YES;
				SWIFT_VERSION = 5.0;
				TARGETED_DEVICE_FAMILY = "1,2";
			};
			name = Release;
		};
/* End XCBuildConfiguration section */

/* Begin XCConfigurationList section */
		9BF71CD528CA4E2400072575 /* Build configuration list for PBXProject "rick-and-morty-app" */ = {
			isa = XCConfigurationList;
			buildConfigurations = (
				9BF71CEC28CA4E2500072575 /* Debug */,
				9BF71CED28CA4E2500072575 /* Release */,
			);
			defaultConfigurationIsVisible = 0;
			defaultConfigurationName = Release;
		};
		9BF71CEE28CA4E2500072575 /* Build configuration list for PBXNativeTarget "rick-and-morty-app" */ = {
			isa = XCConfigurationList;
			buildConfigurations = (
				9BF71CEF28CA4E2500072575 /* Debug */,
				9BF71CF028CA4E2500072575 /* Release */,
			);
			defaultConfigurationIsVisible = 0;
			defaultConfigurationName = Release;
		};
/* End XCConfigurationList section */
	};
	rootObject = 9BF71CD228CA4E2400072575 /* Project object */;
}
